# This file is automatically @generated by Cargo.
# It is not intended for manual editing.
version = 4

[[package]]
name = "logos-air"
version = "0.0.0"

[[package]]
name = "logos-alethe"
version = "0.0.0"

[[package]]
name = "logos-attest"
version = "0.0.0"

[[package]]
name = "logos-audit"
version = "0.0.0"

[[package]]
name = "logos-canon"
version = "0.0.0"

[[package]]
name = "logos-cli"
version = "0.0.0"

[[package]]
name = "logos-core"
version = "0.0.0"

[[package]]
name = "logos-crypto"
version = "0.0.0"

[[package]]
name = "logos-gateway"
version = "0.0.0"

[[package]]
name = "logos-ground"
version = "0.0.0"

[[package]]
name = "logos-kernel"
version = "0.0.0"

[[package]]
name = "logos-ledger"
version = "0.0.0"

[[package]]
name = "logos-lrat"
version = "0.0.0"

[[package]]
name = "logos-model"
version = "0.0.0"

[[package]]
name = "logos-obligation"
version = "0.0.0"

[[package]]
name = "logos-policy"
version = "0.0.0"

[[package]]
name = "logos-seal"
version = "0.0.0"

[[package]]
name = "logos-token"
version = "0.0.0"

[[package]]
name = "logos-tui"
version = "0.0.0"
