# This file is automatically @generated by Cargo.
# It is not intended for manual editing.
version = 4

[[package]]
name = "logos-air"
version = "0.0.0"

[[package]]
name = "logos-alethe"
version = "0.0.0"

[[package]]
name = "logos-attest"
version = "0.0.0"

[[package]]
name = "logos-audit"
version = "0.0.0"

[[package]]
name = "logos-canon"
version = "0.0.0"
dependencies = [
 "unicode-normalization",
]

[[package]]
name = "logos-cli"
version = "0.0.0"

[[package]]
name = "logos-core"
version = "0.0.0"

[[package]]
name = "logos-crypto"
version = "0.0.0"

[[package]]
name = "logos-gateway"
version = "0.0.0"

[[package]]
name = "logos-ground"
version = "0.0.0"

[[package]]
name = "logos-kernel"
version = "0.0.0"

[[package]]
name = "logos-ledger"
version = "0.0.0"

[[package]]
name = "logos-lrat"
version = "0.0.0"

[[package]]
name = "logos-model"
version = "0.0.0"

[[package]]
name = "logos-obligation"
version = "0.0.0"

[[package]]
name = "logos-policy"
version = "0.0.0"

[[package]]
name = "logos-seal"
version = "0.0.0"

[[package]]
name = "logos-token"
version = "0.0.0"

[[package]]
name = "logos-tui"
version = "0.0.0"

[[package]]
name = "tinyvec"
version = "1.13.3"
source = "registry+https://github.com/rust-lang/crates.io-index"
checksum = "fd3ca314f692efd6c868f8408f53fe444634a845f96c028b97d35f6a1f79f0ee"

[[package]]
name = "unicode-normalization"
version = "0.1.24"
source = "registry+https://github.com/rust-lang/crates.io-index"
checksum = "5033c97c4262335cded6d6fc3e5c18ab755e1a3dc96376350f3d8e9f009ad956"
dependencies = [
 "tinyvec",
]

[[package]]
name = "xtask"
version = "0.0.0"
